// !$*UTF8*$!
{
	archiveVersion = 1;
	classes = {
	};
	objectVersion = 50;
	objects = {

/* Begin PBXBuildFile section */
		2CAEC0B38E319ED5C83A860C /* Pods_TTSShareExtension.framework in Frameworks */ = {isa = PBXBuildFile; fileRef = ECDE0BE6C1EE3317C2CB0B44 /* Pods_TTSShareExtension.framework */; };
		43A65D07D0E8C9D359954150 /* Pods_TTSReader.framework in Frameworks */ = {isa = PBXBuildFile; fileRef = F3E3716B71F73406E7EA6C42 /* Pods_TTSReader.framework */; };
		4B2CFF1220ADB86A0021C795 /* ListTableViewController.swift in Sources */ = {isa = PBXBuildFile; fileRef = 4B2CFF1120ADB86A0021C795 /* ListTableViewController.swift */; };
		4B2CFF1A20AE69E00021C795 /* ShareViewController.swift in Sources */ = {isa = PBXBuildFile; fileRef = 4B2CFF1920AE69E00021C795 /* ShareViewController.swift */; };
		4B2CFF1D20AE69E00021C795 /* MainInterface.storyboard in Resources */ = {isa = PBXBuildFile; fileRef = 4B2CFF1B20AE69E00021C795 /* MainInterface.storyboard */; };
		4B2CFF2120AE69E00021C795 /* TTSShareExtension.appex in Embed App Extensions */ = {isa = PBXBuildFile; fileRef = 4B2CFF1720AE69E00021C795 /* TTSShareExtension.appex */; settings = {ATTRIBUTES = (RemoveHeadersOnCopy, ); }; };
		4B2CFF3320AEEE9C0021C795 /* TTSReader.xcdatamodeld in Sources */ = {isa = PBXBuildFile; fileRef = 4B4B5ABF20AB16D9004ACA6C /* TTSReader.xcdatamodeld */; };
		4B31E6F220B31BEA0091FA6A /* ReaderViewController.swift in Sources */ = {isa = PBXBuildFile; fileRef = 4B31E6F120B31BEA0091FA6A /* ReaderViewController.swift */; };
		4B4A2E5C20AC527D00F59C7D /* MercuryAPI.swift in Sources */ = {isa = PBXBuildFile; fileRef = 4B4A2E5B20AC527D00F59C7D /* MercuryAPI.swift */; };
		4B4A2E6020AC76D900F59C7D /* CoreDataManager.swift in Sources */ = {isa = PBXBuildFile; fileRef = 4B4A2E5F20AC76D900F59C7D /* CoreDataManager.swift */; };
		4B4B5AB920AB16D9004ACA6C /* AppDelegate.swift in Sources */ = {isa = PBXBuildFile; fileRef = 4B4B5AB820AB16D9004ACA6C /* AppDelegate.swift */; };
		4B4B5ABE20AB16D9004ACA6C /* Main.storyboard in Resources */ = {isa = PBXBuildFile; fileRef = 4B4B5ABC20AB16D9004ACA6C /* Main.storyboard */; };
		4B4B5AC120AB16D9004ACA6C /* TTSReader.xcdatamodeld in Sources */ = {isa = PBXBuildFile; fileRef = 4B4B5ABF20AB16D9004ACA6C /* TTSReader.xcdatamodeld */; };
		4B4B5AC320AB16DA004ACA6C /* Assets.xcassets in Resources */ = {isa = PBXBuildFile; fileRef = 4B4B5AC220AB16DA004ACA6C /* Assets.xcassets */; };
		4B4B5AC620AB16DA004ACA6C /* LaunchScreen.storyboard in Resources */ = {isa = PBXBuildFile; fileRef = 4B4B5AC420AB16DA004ACA6C /* LaunchScreen.storyboard */; };
		4B4B5ACE20AB1700004ACA6C /* Coordinator.swift in Sources */ = {isa = PBXBuildFile; fileRef = 4B4B5ACD20AB1700004ACA6C /* Coordinator.swift */; };
		4B4B5AD020AB1746004ACA6C /* Storyboarded.swift in Sources */ = {isa = PBXBuildFile; fileRef = 4B4B5ACF20AB1746004ACA6C /* Storyboarded.swift */; };
		4B4B5AD220AB17E2004ACA6C /* MainCoordinator.swift in Sources */ = {isa = PBXBuildFile; fileRef = 4B4B5AD120AB17E2004ACA6C /* MainCoordinator.swift */; };
		4B4B5ADC20AB1BBA004ACA6C /* NetworkManager.swift in Sources */ = {isa = PBXBuildFile; fileRef = 4B4B5ADB20AB1BBA004ACA6C /* NetworkManager.swift */; };
		4B4B5ADE20AB2967004ACA6C /* MercuryClient.swift in Sources */ = {isa = PBXBuildFile; fileRef = 4B4B5ADD20AB2967004ACA6C /* MercuryClient.swift */; };
		4B4B5AE020AB2ABE004ACA6C /* MercuryConstants.swift in Sources */ = {isa = PBXBuildFile; fileRef = 4B4B5ADF20AB2ABE004ACA6C /* MercuryConstants.swift */; };
		4B4B5AE220AB3233004ACA6C /* MercuryJSONResponse.swift in Sources */ = {isa = PBXBuildFile; fileRef = 4B4B5AE120AB3233004ACA6C /* MercuryJSONResponse.swift */; };
/* End PBXBuildFile section */

/* Begin PBXContainerItemProxy section */
		4B2CFF1F20AE69E00021C795 /* PBXContainerItemProxy */ = {
			isa = PBXContainerItemProxy;
			containerPortal = 4B4B5AAD20AB16D9004ACA6C /* Project object */;
			proxyType = 1;
			remoteGlobalIDString = 4B2CFF1620AE69E00021C795;
			remoteInfo = TTSShareExtension;
		};
/* End PBXContainerItemProxy section */

/* Begin PBXCopyFilesBuildPhase section */
		4B2CFF2520AE69E00021C795 /* Embed App Extensions */ = {
			isa = PBXCopyFilesBuildPhase;
			buildActionMask = 2147483647;
			dstPath = "";
			dstSubfolderSpec = 13;
			files = (
				4B2CFF2120AE69E00021C795 /* TTSShareExtension.appex in Embed App Extensions */,
			);
			name = "Embed App Extensions";
			runOnlyForDeploymentPostprocessing = 0;
		};
/* End PBXCopyFilesBuildPhase section */

/* Begin PBXFileReference section */
		13C1A06CBBC76439C9B7005B /* Pods-TTSReader.debug.xcconfig */ = {isa = PBXFileReference; includeInIndex = 1; lastKnownFileType = text.xcconfig; name = "Pods-TTSReader.debug.xcconfig"; path = "Pods/Target Support Files/Pods-TTSReader/Pods-TTSReader.debug.xcconfig"; sourceTree = "<group>"; };
		4B2CFF1120ADB86A0021C795 /* ListTableViewController.swift */ = {isa = PBXFileReference; lastKnownFileType = sourcecode.swift; path = ListTableViewController.swift; sourceTree = "<group>"; };
		4B2CFF1720AE69E00021C795 /* TTSShareExtension.appex */ = {isa = PBXFileReference; explicitFileType = "wrapper.app-extension"; includeInIndex = 0; path = TTSShareExtension.appex; sourceTree = BUILT_PRODUCTS_DIR; };
		4B2CFF1920AE69E00021C795 /* ShareViewController.swift */ = {isa = PBXFileReference; lastKnownFileType = sourcecode.swift; path = ShareViewController.swift; sourceTree = "<group>"; };
		4B2CFF1C20AE69E00021C795 /* Base */ = {isa = PBXFileReference; lastKnownFileType = file.storyboard; name = Base; path = Base.lproj/MainInterface.storyboard; sourceTree = "<group>"; };
		4B2CFF1E20AE69E00021C795 /* Info.plist */ = {isa = PBXFileReference; lastKnownFileType = text.plist.xml; path = Info.plist; sourceTree = "<group>"; };
		4B2CFF2620AE6CAA0021C795 /* TTSReader.entitlements */ = {isa = PBXFileReference; lastKnownFileType = text.plist.entitlements; path = TTSReader.entitlements; sourceTree = "<group>"; };
		4B2CFF2720AE6CBC0021C795 /* TTSShareExtension.entitlements */ = {isa = PBXFileReference; lastKnownFileType = text.plist.entitlements; path = TTSShareExtension.entitlements; sourceTree = "<group>"; };
		4B31E6F120B31BEA0091FA6A /* ReaderViewController.swift */ = {isa = PBXFileReference; lastKnownFileType = sourcecode.swift; path = ReaderViewController.swift; sourceTree = "<group>"; };
		4B4A2E5B20AC527D00F59C7D /* MercuryAPI.swift */ = {isa = PBXFileReference; lastKnownFileType = sourcecode.swift; path = MercuryAPI.swift; sourceTree = "<group>"; };
		4B4A2E5F20AC76D900F59C7D /* CoreDataManager.swift */ = {isa = PBXFileReference; lastKnownFileType = sourcecode.swift; path = CoreDataManager.swift; sourceTree = "<group>"; };
		4B4B5AB520AB16D9004ACA6C /* TTSReader.app */ = {isa = PBXFileReference; explicitFileType = wrapper.application; includeInIndex = 0; path = TTSReader.app; sourceTree = BUILT_PRODUCTS_DIR; };
		4B4B5AB820AB16D9004ACA6C /* AppDelegate.swift */ = {isa = PBXFileReference; lastKnownFileType = sourcecode.swift; path = AppDelegate.swift; sourceTree = "<group>"; };
		4B4B5ABD20AB16D9004ACA6C /* Base */ = {isa = PBXFileReference; lastKnownFileType = file.storyboard; name = Base; path = Base.lproj/Main.storyboard; sourceTree = "<group>"; };
		4B4B5AC020AB16D9004ACA6C /* TTSReader.xcdatamodel */ = {isa = PBXFileReference; lastKnownFileType = wrapper.xcdatamodel; path = TTSReader.xcdatamodel; sourceTree = "<group>"; };
		4B4B5AC220AB16DA004ACA6C /* Assets.xcassets */ = {isa = PBXFileReference; lastKnownFileType = folder.assetcatalog; path = Assets.xcassets; sourceTree = "<group>"; };
		4B4B5AC520AB16DA004ACA6C /* Base */ = {isa = PBXFileReference; lastKnownFileType = file.storyboard; name = Base; path = Base.lproj/LaunchScreen.storyboard; sourceTree = "<group>"; };
		4B4B5AC720AB16DA004ACA6C /* Info.plist */ = {isa = PBXFileReference; lastKnownFileType = text.plist.xml; path = Info.plist; sourceTree = "<group>"; };
		4B4B5ACD20AB1700004ACA6C /* Coordinator.swift */ = {isa = PBXFileReference; lastKnownFileType = sourcecode.swift; path = Coordinator.swift; sourceTree = "<group>"; };
		4B4B5ACF20AB1746004ACA6C /* Storyboarded.swift */ = {isa = PBXFileReference; lastKnownFileType = sourcecode.swift; path = Storyboarded.swift; sourceTree = "<group>"; };
		4B4B5AD120AB17E2004ACA6C /* MainCoordinator.swift */ = {isa = PBXFileReference; lastKnownFileType = sourcecode.swift; path = MainCoordinator.swift; sourceTree = "<group>"; };
		4B4B5ADB20AB1BBA004ACA6C /* NetworkManager.swift */ = {isa = PBXFileReference; lastKnownFileType = sourcecode.swift; path = NetworkManager.swift; sourceTree = "<group>"; };
		4B4B5ADD20AB2967004ACA6C /* MercuryClient.swift */ = {isa = PBXFileReference; lastKnownFileType = sourcecode.swift; path = MercuryClient.swift; sourceTree = "<group>"; };
		4B4B5ADF20AB2ABE004ACA6C /* MercuryConstants.swift */ = {isa = PBXFileReference; lastKnownFileType = sourcecode.swift; path = MercuryConstants.swift; sourceTree = "<group>"; };
		4B4B5AE120AB3233004ACA6C /* MercuryJSONResponse.swift */ = {isa = PBXFileReference; lastKnownFileType = sourcecode.swift; path = MercuryJSONResponse.swift; sourceTree = "<group>"; };
		9FE4B85500ECC9344E23A6AA /* Pods-TTSShareExtension.release.xcconfig */ = {isa = PBXFileReference; includeInIndex = 1; lastKnownFileType = text.xcconfig; name = "Pods-TTSShareExtension.release.xcconfig"; path = "Pods/Target Support Files/Pods-TTSShareExtension/Pods-TTSShareExtension.release.xcconfig"; sourceTree = "<group>"; };
		C0C23A3E3267EF6516A32A99 /* Pods-TTSShareExtension.debug.xcconfig */ = {isa = PBXFileReference; includeInIndex = 1; lastKnownFileType = text.xcconfig; name = "Pods-TTSShareExtension.debug.xcconfig"; path = "Pods/Target Support Files/Pods-TTSShareExtension/Pods-TTSShareExtension.debug.xcconfig"; sourceTree = "<group>"; };
		ECDE0BE6C1EE3317C2CB0B44 /* Pods_TTSShareExtension.framework */ = {isa = PBXFileReference; explicitFileType = wrapper.framework; includeInIndex = 0; path = Pods_TTSShareExtension.framework; sourceTree = BUILT_PRODUCTS_DIR; };
		F3E3716B71F73406E7EA6C42 /* Pods_TTSReader.framework */ = {isa = PBXFileReference; explicitFileType = wrapper.framework; includeInIndex = 0; path = Pods_TTSReader.framework; sourceTree = BUILT_PRODUCTS_DIR; };
		FDE4E2A464859B681013439D /* Pods-TTSReader.release.xcconfig */ = {isa = PBXFileReference; includeInIndex = 1; lastKnownFileType = text.xcconfig; name = "Pods-TTSReader.release.xcconfig"; path = "Pods/Target Support Files/Pods-TTSReader/Pods-TTSReader.release.xcconfig"; sourceTree = "<group>"; };
/* End PBXFileReference section */

/* Begin PBXFrameworksBuildPhase section */
		4B2CFF1420AE69E00021C795 /* Frameworks */ = {
			isa = PBXFrameworksBuildPhase;
			buildActionMask = 2147483647;
			files = (
				2CAEC0B38E319ED5C83A860C /* Pods_TTSShareExtension.framework in Frameworks */,
			);
			runOnlyForDeploymentPostprocessing = 0;
		};
		4B4B5AB220AB16D9004ACA6C /* Frameworks */ = {
			isa = PBXFrameworksBuildPhase;
			buildActionMask = 2147483647;
			files = (
				43A65D07D0E8C9D359954150 /* Pods_TTSReader.framework in Frameworks */,
			);
			runOnlyForDeploymentPostprocessing = 0;
		};
/* End PBXFrameworksBuildPhase section */

/* Begin PBXGroup section */
		4B2CFF1820AE69E00021C795 /* TTSShareExtension */ = {
			isa = PBXGroup;
			children = (
				4B2CFF2720AE6CBC0021C795 /* TTSShareExtension.entitlements */,
				4B2CFF1920AE69E00021C795 /* ShareViewController.swift */,
				4B2CFF1B20AE69E00021C795 /* MainInterface.storyboard */,
				4B2CFF1E20AE69E00021C795 /* Info.plist */,
			);
			path = TTSShareExtension;
			sourceTree = "<group>";
		};
		4B4A2E5D20AC542C00F59C7D /* Mercury */ = {
			isa = PBXGroup;
			children = (
				4B4B5ADD20AB2967004ACA6C /* MercuryClient.swift */,
				4B4B5ADF20AB2ABE004ACA6C /* MercuryConstants.swift */,
				4B4A2E5B20AC527D00F59C7D /* MercuryAPI.swift */,
				4B4B5AE120AB3233004ACA6C /* MercuryJSONResponse.swift */,
			);
			path = Mercury;
			sourceTree = "<group>";
		};
		4B4A2E5E20AC76C400F59C7D /* Core Data */ = {
			isa = PBXGroup;
			children = (
				4B4A2E5F20AC76D900F59C7D /* CoreDataManager.swift */,
			);
			path = "Core Data";
			sourceTree = "<group>";
		};
		4B4B5AAC20AB16D9004ACA6C = {
			isa = PBXGroup;
			children = (
				4B4B5AB720AB16D9004ACA6C /* TTSReader */,
				4B2CFF1820AE69E00021C795 /* TTSShareExtension */,
				4B4B5AB620AB16D9004ACA6C /* Products */,
				5174550399EF30ABCC37EABD /* Pods */,
				DB122098F8ADA28EFCEAB421 /* Frameworks */,
			);
			sourceTree = "<group>";
		};
		4B4B5AB620AB16D9004ACA6C /* Products */ = {
			isa = PBXGroup;
			children = (
				4B4B5AB520AB16D9004ACA6C /* TTSReader.app */,
				4B2CFF1720AE69E00021C795 /* TTSShareExtension.appex */,
			);
			name = Products;
			sourceTree = "<group>";
		};
		4B4B5AB720AB16D9004ACA6C /* TTSReader */ = {
			isa = PBXGroup;
			children = (
				4B2CFF2620AE6CAA0021C795 /* TTSReader.entitlements */,
				4B4A2E5E20AC76C400F59C7D /* Core Data */,
				4B4B5ADA20AB1B9D004ACA6C /* Network */,
				4B4B5AD920AB1A2A004ACA6C /* ViewControllers */,
				4B4B5AD820AB1A02004ACA6C /* Coordinators */,
				4B4B5AD320AB19A5004ACA6C /* Helper */,
				4B4B5AD720AB19F2004ACA6C /* Model */,
				4B4B5AD620AB19DA004ACA6C /* Storyboards */,
				4B4B5AD420AB19B5004ACA6C /* Main */,
				4B4B5AD520AB19C6004ACA6C /* Support */,
			);
			path = TTSReader;
			sourceTree = "<group>";
		};
		4B4B5AD320AB19A5004ACA6C /* Helper */ = {
			isa = PBXGroup;
			children = (
				4B4B5ACD20AB1700004ACA6C /* Coordinator.swift */,
				4B4B5ACF20AB1746004ACA6C /* Storyboarded.swift */,
			);
			path = Helper;
			sourceTree = "<group>";
		};
		4B4B5AD420AB19B5004ACA6C /* Main */ = {
			isa = PBXGroup;
			children = (
				4B4B5AB820AB16D9004ACA6C /* AppDelegate.swift */,
			);
			path = Main;
			sourceTree = "<group>";
		};
		4B4B5AD520AB19C6004ACA6C /* Support */ = {
			isa = PBXGroup;
			children = (
				4B4B5AC220AB16DA004ACA6C /* Assets.xcassets */,
				4B4B5AC720AB16DA004ACA6C /* Info.plist */,
			);
			path = Support;
			sourceTree = "<group>";
		};
		4B4B5AD620AB19DA004ACA6C /* Storyboards */ = {
			isa = PBXGroup;
			children = (
				4B4B5ABC20AB16D9004ACA6C /* Main.storyboard */,
				4B4B5AC420AB16DA004ACA6C /* LaunchScreen.storyboard */,
			);
			path = Storyboards;
			sourceTree = "<group>";
		};
		4B4B5AD720AB19F2004ACA6C /* Model */ = {
			isa = PBXGroup;
			children = (
				4B4B5ABF20AB16D9004ACA6C /* TTSReader.xcdatamodeld */,
			);
			path = Model;
			sourceTree = "<group>";
		};
		4B4B5AD820AB1A02004ACA6C /* Coordinators */ = {
			isa = PBXGroup;
			children = (
				4B4B5AD120AB17E2004ACA6C /* MainCoordinator.swift */,
			);
			path = Coordinators;
			sourceTree = "<group>";
		};
		4B4B5AD920AB1A2A004ACA6C /* ViewControllers */ = {
			isa = PBXGroup;
			children = (
				4B31E6F120B31BEA0091FA6A /* ReaderViewController.swift */,
				4B2CFF1120ADB86A0021C795 /* ListTableViewController.swift */,
			);
			path = ViewControllers;
			sourceTree = "<group>";
		};
		4B4B5ADA20AB1B9D004ACA6C /* Network */ = {
			isa = PBXGroup;
			children = (
				4B4A2E5D20AC542C00F59C7D /* Mercury */,
				4B4B5ADB20AB1BBA004ACA6C /* NetworkManager.swift */,
			);
			path = Network;
			sourceTree = "<group>";
		};
		5174550399EF30ABCC37EABD /* Pods */ = {
			isa = PBXGroup;
			children = (
				13C1A06CBBC76439C9B7005B /* Pods-TTSReader.debug.xcconfig */,
				FDE4E2A464859B681013439D /* Pods-TTSReader.release.xcconfig */,
				C0C23A3E3267EF6516A32A99 /* Pods-TTSShareExtension.debug.xcconfig */,
				9FE4B85500ECC9344E23A6AA /* Pods-TTSShareExtension.release.xcconfig */,
			);
			name = Pods;
			sourceTree = "<group>";
		};
		DB122098F8ADA28EFCEAB421 /* Frameworks */ = {
			isa = PBXGroup;
			children = (
				F3E3716B71F73406E7EA6C42 /* Pods_TTSReader.framework */,
				ECDE0BE6C1EE3317C2CB0B44 /* Pods_TTSShareExtension.framework */,
			);
			name = Frameworks;
			sourceTree = "<group>";
		};
/* End PBXGroup section */

/* Begin PBXNativeTarget section */
		4B2CFF1620AE69E00021C795 /* TTSShareExtension */ = {
			isa = PBXNativeTarget;
			buildConfigurationList = 4B2CFF2220AE69E00021C795 /* Build configuration list for PBXNativeTarget "TTSShareExtension" */;
			buildPhases = (
				FF5D9EF2929EA9CAF7C496C1 /* [CP] Check Pods Manifest.lock */,
				4B2CFF1320AE69E00021C795 /* Sources */,
				4B2CFF1420AE69E00021C795 /* Frameworks */,
				4B2CFF1520AE69E00021C795 /* Resources */,
			);
			buildRules = (
			);
			dependencies = (
			);
			name = TTSShareExtension;
			productName = TTSShareExtension;
			productReference = 4B2CFF1720AE69E00021C795 /* TTSShareExtension.appex */;
			productType = "com.apple.product-type.app-extension";
		};
		4B4B5AB420AB16D9004ACA6C /* TTSReader */ = {
			isa = PBXNativeTarget;
			buildConfigurationList = 4B4B5ACA20AB16DA004ACA6C /* Build configuration list for PBXNativeTarget "TTSReader" */;
			buildPhases = (
				F37843323FC599502BB427F4 /* [CP] Check Pods Manifest.lock */,
				4B4B5AB120AB16D9004ACA6C /* Sources */,
				4B4B5AB220AB16D9004ACA6C /* Frameworks */,
				4B4B5AB320AB16D9004ACA6C /* Resources */,
				4B2CFF2520AE69E00021C795 /* Embed App Extensions */,
				7D629DCC78A9D5F441477B47 /* [CP] Embed Pods Frameworks */,
			);
			buildRules = (
			);
			dependencies = (
				4B2CFF2020AE69E00021C795 /* PBXTargetDependency */,
			);
			name = TTSReader;
			productName = TTSReader;
			productReference = 4B4B5AB520AB16D9004ACA6C /* TTSReader.app */;
			productType = "com.apple.product-type.application";
		};
/* End PBXNativeTarget section */

/* Begin PBXProject section */
		4B4B5AAD20AB16D9004ACA6C /* Project object */ = {
			isa = PBXProject;
			attributes = {
				LastSwiftUpdateCheck = 0930;
				LastUpgradeCheck = 0930;
				ORGANIZATIONNAME = AM;
				TargetAttributes = {
					4B2CFF1620AE69E00021C795 = {
						CreatedOnToolsVersion = 9.3;
						SystemCapabilities = {
							com.apple.ApplicationGroups.iOS = {
								enabled = 1;
							};
						};
					};
					4B4B5AB420AB16D9004ACA6C = {
						CreatedOnToolsVersion = 9.3;
						SystemCapabilities = {
							com.apple.ApplicationGroups.iOS = {
								enabled = 1;
							};
							com.apple.BackgroundModes = {
								enabled = 1;
							};
						};
					};
				};
			};
			buildConfigurationList = 4B4B5AB020AB16D9004ACA6C /* Build configuration list for PBXProject "TTSReader" */;
			compatibilityVersion = "Xcode 9.3";
			developmentRegion = en;
			hasScannedForEncodings = 0;
			knownRegions = (
				en,
				Base,
			);
			mainGroup = 4B4B5AAC20AB16D9004ACA6C;
			productRefGroup = 4B4B5AB620AB16D9004ACA6C /* Products */;
			projectDirPath = "";
			projectRoot = "";
			targets = (
				4B4B5AB420AB16D9004ACA6C /* TTSReader */,
				4B2CFF1620AE69E00021C795 /* TTSShareExtension */,
			);
		};
/* End PBXProject section */

/* Begin PBXResourcesBuildPhase section */
		4B2CFF1520AE69E00021C795 /* Resources */ = {
			isa = PBXResourcesBuildPhase;
			buildActionMask = 2147483647;
			files = (
				4B2CFF1D20AE69E00021C795 /* MainInterface.storyboard in Resources */,
			);
			runOnlyForDeploymentPostprocessing = 0;
		};
		4B4B5AB320AB16D9004ACA6C /* Resources */ = {
			isa = PBXResourcesBuildPhase;
			buildActionMask = 2147483647;
			files = (
				4B4B5AC620AB16DA004ACA6C /* LaunchScreen.storyboard in Resources */,
				4B4B5AC320AB16DA004ACA6C /* Assets.xcassets in Resources */,
				4B4B5ABE20AB16D9004ACA6C /* Main.storyboard in Resources */,
			);
			runOnlyForDeploymentPostprocessing = 0;
		};
/* End PBXResourcesBuildPhase section */

/* Begin PBXShellScriptBuildPhase section */
		7D629DCC78A9D5F441477B47 /* [CP] Embed Pods Frameworks */ = {
			isa = PBXShellScriptBuildPhase;
			buildActionMask = 2147483647;
			files = (
			);
			inputPaths = (
				"${SRCROOT}/Pods/Target Support Files/Pods-TTSReader/Pods-TTSReader-frameworks.sh",
				"${BUILT_PRODUCTS_DIR}/SwiftSoup/SwiftSoup.framework",
			);
			name = "[CP] Embed Pods Frameworks";
			outputPaths = (
				"${TARGET_BUILD_DIR}/${FRAMEWORKS_FOLDER_PATH}/SwiftSoup.framework",
			);
			runOnlyForDeploymentPostprocessing = 0;
			shellPath = /bin/sh;
			shellScript = "\"${SRCROOT}/Pods/Target Support Files/Pods-TTSReader/Pods-TTSReader-frameworks.sh\"\n";
			showEnvVarsInLog = 0;
		};
		F37843323FC599502BB427F4 /* [CP] Check Pods Manifest.lock */ = {
			isa = PBXShellScriptBuildPhase;
			buildActionMask = 2147483647;
			files = (
			);
			inputPaths = (
				"${PODS_PODFILE_DIR_PATH}/Podfile.lock",
				"${PODS_ROOT}/Manifest.lock",
			);
			name = "[CP] Check Pods Manifest.lock";
			outputPaths = (
				"$(DERIVED_FILE_DIR)/Pods-TTSReader-checkManifestLockResult.txt",
			);
			runOnlyForDeploymentPostprocessing = 0;
			shellPath = /bin/sh;
			shellScript = "diff \"${PODS_PODFILE_DIR_PATH}/Podfile.lock\" \"${PODS_ROOT}/Manifest.lock\" > /dev/null\nif [ $? != 0 ] ; then\n    # print error to STDERR\n    echo \"error: The sandbox is not in sync with the Podfile.lock. Run 'pod install' or update your CocoaPods installation.\" >&2\n    exit 1\nfi\n# This output is used by Xcode 'outputs' to avoid re-running this script phase.\necho \"SUCCESS\" > \"${SCRIPT_OUTPUT_FILE_0}\"\n";
			showEnvVarsInLog = 0;
		};
		FF5D9EF2929EA9CAF7C496C1 /* [CP] Check Pods Manifest.lock */ = {
			isa = PBXShellScriptBuildPhase;
			buildActionMask = 2147483647;
			files = (
			);
			inputPaths = (
				"${PODS_PODFILE_DIR_PATH}/Podfile.lock",
				"${PODS_ROOT}/Manifest.lock",
			);
			name = "[CP] Check Pods Manifest.lock";
			outputPaths = (
				"$(DERIVED_FILE_DIR)/Pods-TTSShareExtension-checkManifestLockResult.txt",
			);
			runOnlyForDeploymentPostprocessing = 0;
			shellPath = /bin/sh;
			shellScript = "diff \"${PODS_PODFILE_DIR_PATH}/Podfile.lock\" \"${PODS_ROOT}/Manifest.lock\" > /dev/null\nif [ $? != 0 ] ; then\n    # print error to STDERR\n    echo \"error: The sandbox is not in sync with the Podfile.lock. Run 'pod install' or update your CocoaPods installation.\" >&2\n    exit 1\nfi\n# This output is used by Xcode 'outputs' to avoid re-running this script phase.\necho \"SUCCESS\" > \"${SCRIPT_OUTPUT_FILE_0}\"\n";
			showEnvVarsInLog = 0;
		};
/* End PBXShellScriptBuildPhase section */

/* Begin PBXSourcesBuildPhase section */
		4B2CFF1320AE69E00021C795 /* Sources */ = {
			isa = PBXSourcesBuildPhase;
			buildActionMask = 2147483647;
			files = (
				4B2CFF3320AEEE9C0021C795 /* TTSReader.xcdatamodeld in Sources */,
				4B2CFF1A20AE69E00021C795 /* ShareViewController.swift in Sources */,
			);
			runOnlyForDeploymentPostprocessing = 0;
		};
		4B4B5AB120AB16D9004ACA6C /* Sources */ = {
			isa = PBXSourcesBuildPhase;
			buildActionMask = 2147483647;
			files = (
				4B4B5AE220AB3233004ACA6C /* MercuryJSONResponse.swift in Sources */,
				4B4B5ACE20AB1700004ACA6C /* Coordinator.swift in Sources */,
				4B4B5AD220AB17E2004ACA6C /* MainCoordinator.swift in Sources */,
				4B4B5ADC20AB1BBA004ACA6C /* NetworkManager.swift in Sources */,
				4B2CFF1220ADB86A0021C795 /* ListTableViewController.swift in Sources */,
				4B4B5ADE20AB2967004ACA6C /* MercuryClient.swift in Sources */,
				4B4A2E6020AC76D900F59C7D /* CoreDataManager.swift in Sources */,
				4B4B5AD020AB1746004ACA6C /* Storyboarded.swift in Sources */,
				4B31E6F220B31BEA0091FA6A /* ReaderViewController.swift in Sources */,
				4B4B5AB920AB16D9004ACA6C /* AppDelegate.swift in Sources */,
				4B4A2E5C20AC527D00F59C7D /* MercuryAPI.swift in Sources */,
				4B4B5AE020AB2ABE004ACA6C /* MercuryConstants.swift in Sources */,
				4B4B5AC120AB16D9004ACA6C /* TTSReader.xcdatamodeld in Sources */,
			);
			runOnlyForDeploymentPostprocessing = 0;
		};
/* End PBXSourcesBuildPhase section */

/* Begin PBXTargetDependency section */
		4B2CFF2020AE69E00021C795 /* PBXTargetDependency */ = {
			isa = PBXTargetDependency;
			target = 4B2CFF1620AE69E00021C795 /* TTSShareExtension */;
			targetProxy = 4B2CFF1F20AE69E00021C795 /* PBXContainerItemProxy */;
		};
/* End PBXTargetDependency section */

/* Begin PBXVariantGroup section */
		4B2CFF1B20AE69E00021C795 /* MainInterface.storyboard */ = {
			isa = PBXVariantGroup;
			children = (
				4B2CFF1C20AE69E00021C795 /* Base */,
			);
			name = MainInterface.storyboard;
			sourceTree = "<group>";
		};
		4B4B5ABC20AB16D9004ACA6C /* Main.storyboard */ = {
			isa = PBXVariantGroup;
			children = (
				4B4B5ABD20AB16D9004ACA6C /* Base */,
			);
			name = Main.storyboard;
			sourceTree = "<group>";
		};
		4B4B5AC420AB16DA004ACA6C /* LaunchScreen.storyboard */ = {
			isa = PBXVariantGroup;
			children = (
				4B4B5AC520AB16DA004ACA6C /* Base */,
			);
			name = LaunchScreen.storyboard;
			sourceTree = "<group>";
		};
/* End PBXVariantGroup section */

/* Begin XCBuildConfiguration section */
		4B2CFF2320AE69E00021C795 /* Debug */ = {
			isa = XCBuildConfiguration;
			baseConfigurationReference = C0C23A3E3267EF6516A32A99 /* Pods-TTSShareExtension.debug.xcconfig */;
			buildSettings = {
				CODE_SIGN_ENTITLEMENTS = TTSShareExtension/TTSShareExtension.entitlements;
				CODE_SIGN_STYLE = Automatic;
				DEVELOPMENT_TEAM = 7HF92455SQ;
				INFOPLIST_FILE = TTSShareExtension/Info.plist;
				LD_RUNPATH_SEARCH_PATHS = (
					"$(inherited)",
					"@executable_path/Frameworks",
					"@executable_path/../../Frameworks",
				);
				PRODUCT_BUNDLE_IDENTIFIER = com.amayorga.TTSReader.TTSShareExtension;
				PRODUCT_NAME = "$(TARGET_NAME)";
				SKIP_INSTALL = YES;
				SWIFT_VERSION = 4.0;
				TARGETED_DEVICE_FAMILY = "1,2";
			};
			name = Debug;
		};
		4B2CFF2420AE69E00021C795 /* Release */ = {
			isa = XCBuildConfiguration;
			baseConfigurationReference = 9FE4B85500ECC9344E23A6AA /* Pods-TTSShareExtension.release.xcconfig */;
			buildSettings = {
				CODE_SIGN_ENTITLEMENTS = TTSShareExtension/TTSShareExtension.entitlements;
				CODE_SIGN_STYLE = Automatic;
				DEVELOPMENT_TEAM = 7HF92455SQ;
				INFOPLIST_FILE = TTSShareExtension/Info.plist;
				LD_RUNPATH_SEARCH_PATHS = (
					"$(inherited)",
					"@executable_path/Frameworks",
					"@executable_path/../../Frameworks",
				);
				PRODUCT_BUNDLE_IDENTIFIER = com.amayorga.TTSReader.TTSShareExtension;
				PRODUCT_NAME = "$(TARGET_NAME)";
				SKIP_INSTALL = YES;
				SWIFT_VERSION = 4.0;
				TARGETED_DEVICE_FAMILY = "1,2";
			};
			name = Release;
		};
		4B4B5AC820AB16DA004ACA6C /* Debug */ = {
			isa = XCBuildConfiguration;
			buildSettings = {
				ALWAYS_SEARCH_USER_PATHS = NO;
				CLANG_ANALYZER_NONNULL = YES;
				CLANG_ANALYZER_NUMBER_OBJECT_CONVERSION = YES_AGGRESSIVE;
				CLANG_CXX_LANGUAGE_STANDARD = "gnu++14";
				CLANG_CXX_LIBRARY = "libc++";
				CLANG_ENABLE_MODULES = YES;
				CLANG_ENABLE_OBJC_ARC = YES;
				CLANG_ENABLE_OBJC_WEAK = YES;
				CLANG_WARN_BLOCK_CAPTURE_AUTORELEASING = YES;
				CLANG_WARN_BOOL_CONVERSION = YES;
				CLANG_WARN_COMMA = YES;
				CLANG_WARN_CONSTANT_CONVERSION = YES;
				CLANG_WARN_DEPRECATED_OBJC_IMPLEMENTATIONS = YES;
				CLANG_WARN_DIRECT_OBJC_ISA_USAGE = YES_ERROR;
				CLANG_WARN_DOCUMENTATION_COMMENTS = YES;
				CLANG_WARN_EMPTY_BODY = YES;
				CLANG_WARN_ENUM_CONVERSION = YES;
				CLANG_WARN_INFINITE_RECURSION = YES;
				CLANG_WARN_INT_CONVERSION = YES;
				CLANG_WARN_NON_LITERAL_NULL_CONVERSION = YES;
				CLANG_WARN_OBJC_IMPLICIT_RETAIN_SELF = YES;
				CLANG_WARN_OBJC_LITERAL_CONVERSION = YES;
				CLANG_WARN_OBJC_ROOT_CLASS = YES_ERROR;
				CLANG_WARN_RANGE_LOOP_ANALYSIS = YES;
				CLANG_WARN_STRICT_PROTOTYPES = YES;
				CLANG_WARN_SUSPICIOUS_MOVE = YES;
				CLANG_WARN_UNGUARDED_AVAILABILITY = YES_AGGRESSIVE;
				CLANG_WARN_UNREACHABLE_CODE = YES;
				CLANG_WARN__DUPLICATE_METHOD_MATCH = YES;
				CODE_SIGN_IDENTITY = "iPhone Developer";
				COPY_PHASE_STRIP = NO;
				DEBUG_INFORMATION_FORMAT = dwarf;
				ENABLE_STRICT_OBJC_MSGSEND = YES;
				ENABLE_TESTABILITY = YES;
				GCC_C_LANGUAGE_STANDARD = gnu11;
				GCC_DYNAMIC_NO_PIC = NO;
				GCC_NO_COMMON_BLOCKS = YES;
				GCC_OPTIMIZATION_LEVEL = 0;
				GCC_PREPROCESSOR_DEFINITIONS = (
					"DEBUG=1",
					"$(inherited)",
				);
				GCC_WARN_64_TO_32_BIT_CONVERSION = YES;
				GCC_WARN_ABOUT_RETURN_TYPE = YES_ERROR;
				GCC_WARN_UNDECLARED_SELECTOR = YES;
				GCC_WARN_UNINITIALIZED_AUTOS = YES_AGGRESSIVE;
				GCC_WARN_UNUSED_FUNCTION = YES;
				GCC_WARN_UNUSED_VARIABLE = YES;
				IPHONEOS_DEPLOYMENT_TARGET = 11.3;
				MTL_ENABLE_DEBUG_INFO = YES;
				ONLY_ACTIVE_ARCH = YES;
				SDKROOT = iphoneos;
				SWIFT_ACTIVE_COMPILATION_CONDITIONS = DEBUG;
				SWIFT_OPTIMIZATION_LEVEL = "-Onone";
			};
			name = Debug;
		};
		4B4B5AC920AB16DA004ACA6C /* Release */ = {
			isa = XCBuildConfiguration;
			buildSettings = {
				ALWAYS_SEARCH_USER_PATHS = NO;
				CLANG_ANALYZER_NONNULL = YES;
				CLANG_ANALYZER_NUMBER_OBJECT_CONVERSION = YES_AGGRESSIVE;
				CLANG_CXX_LANGUAGE_STANDARD = "gnu++14";
				CLANG_CXX_LIBRARY = "libc++";
				CLANG_ENABLE_MODULES = YES;
				CLANG_ENABLE_OBJC_ARC = YES;
				CLANG_ENABLE_OBJC_WEAK = YES;
				CLANG_WARN_BLOCK_CAPTURE_AUTORELEASING = YES;
				CLANG_WARN_BOOL_CONVERSION = YES;
				CLANG_WARN_COMMA = YES;
				CLANG_WARN_CONSTANT_CONVERSION = YES;
				CLANG_WARN_DEPRECATED_OBJC_IMPLEMENTATIONS = YES;
				CLANG_WARN_DIRECT_OBJC_ISA_USAGE = YES_ERROR;
				CLANG_WARN_DOCUMENTATION_COMMENTS = YES;
				CLANG_WARN_EMPTY_BODY = YES;
				CLANG_WARN_ENUM_CONVERSION = YES;
				CLANG_WARN_INFINITE_RECURSION = YES;
				CLANG_WARN_INT_CONVERSION = YES;
				CLANG_WARN_NON_LITERAL_NULL_CONVERSION = YES;
				CLANG_WARN_OBJC_IMPLICIT_RETAIN_SELF = YES;
				CLANG_WARN_OBJC_LITERAL_CONVERSION = YES;
				CLANG_WARN_OBJC_ROOT_CLASS = YES_ERROR;
				CLANG_WARN_RANGE_LOOP_ANALYSIS = YES;
				CLANG_WARN_STRICT_PROTOTYPES = YES;
				CLANG_WARN_SUSPICIOUS_MOVE = YES;
				CLANG_WARN_UNGUARDED_AVAILABILITY = YES_AGGRESSIVE;
				CLANG_WARN_UNREACHABLE_CODE = YES;
				CLANG_WARN__DUPLICATE_METHOD_MATCH = YES;
				CODE_SIGN_IDENTITY = "iPhone Developer";
				COPY_PHASE_STRIP = NO;
				DEBUG_INFORMATION_FORMAT = "dwarf-with-dsym";
				ENABLE_NS_ASSERTIONS = NO;
				ENABLE_STRICT_OBJC_MSGSEND = YES;
				GCC_C_LANGUAGE_STANDARD = gnu11;
				GCC_NO_COMMON_BLOCKS = YES;
				GCC_WARN_64_TO_32_BIT_CONVERSION = YES;
				GCC_WARN_ABOUT_RETURN_TYPE = YES_ERROR;
				GCC_WARN_UNDECLARED_SELECTOR = YES;
				GCC_WARN_UNINITIALIZED_AUTOS = YES_AGGRESSIVE;
				GCC_WARN_UNUSED_FUNCTION = YES;
				GCC_WARN_UNUSED_VARIABLE = YES;
				IPHONEOS_DEPLOYMENT_TARGET = 11.3;
				MTL_ENABLE_DEBUG_INFO = NO;
				SDKROOT = iphoneos;
				SWIFT_COMPILATION_MODE = wholemodule;
				SWIFT_OPTIMIZATION_LEVEL = "-O";
				VALIDATE_PRODUCT = YES;
			};
			name = Release;
		};
		4B4B5ACB20AB16DA004ACA6C /* Debug */ = {
			isa = XCBuildConfiguration;
			baseConfigurationReference = 13C1A06CBBC76439C9B7005B /* Pods-TTSReader.debug.xcconfig */;
			buildSettings = {
				ALWAYS_EMBED_SWIFT_STANDARD_LIBRARIES = YES;
				ASSETCATALOG_COMPILER_APPICON_NAME = AppIcon;
				CODE_SIGN_ENTITLEMENTS = TTSReader/TTSReader.entitlements;
				CODE_SIGN_STYLE = Automatic;
				DEVELOPMENT_TEAM = 7HF92455SQ;
				INFOPLIST_FILE = "$(SRCROOT)/TTSReader/Support/Info.plist";
				LD_RUNPATH_SEARCH_PATHS = (
					"$(inherited)",
					"@executable_path/Frameworks",
				);
				PRODUCT_BUNDLE_IDENTIFIER = com.amayorga.TTSReader;
				PRODUCT_NAME = "$(TARGET_NAME)";
				SWIFT_VERSION = 4.0;
				TARGETED_DEVICE_FAMILY = "1,2";
			};
			name = Debug;
		};
		4B4B5ACC20AB16DA004ACA6C /* Release */ = {
			isa = XCBuildConfiguration;
			baseConfigurationReference = FDE4E2A464859B681013439D /* Pods-TTSReader.release.xcconfig */;
			buildSettings = {
				ALWAYS_EMBED_SWIFT_STANDARD_LIBRARIES = YES;
				ASSETCATALOG_COMPILER_APPICON_NAME = AppIcon;
				CODE_SIGN_ENTITLEMENTS = TTSReader/TTSReader.entitlements;
				CODE_SIGN_STYLE = Automatic;
				DEVELOPMENT_TEAM = 7HF92455SQ;
				INFOPLIST_FILE = "$(SRCROOT)/TTSReader/Support/Info.plist";
				LD_RUNPATH_SEARCH_PATHS = (
					"$(inherited)",
					"@executable_path/Frameworks",
				);
				PRODUCT_BUNDLE_IDENTIFIER = com.amayorga.TTSReader;
				PRODUCT_NAME = "$(TARGET_NAME)";
				SWIFT_VERSION = 4.0;
				TARGETED_DEVICE_FAMILY = "1,2";
			};
			name = Release;
		};
/* End XCBuildConfiguration section */

/* Begin XCConfigurationList section */
		4B2CFF2220AE69E00021C795 /* Build configuration list for PBXNativeTarget "TTSShareExtension" */ = {
			isa = XCConfigurationList;
			buildConfigurations = (
				4B2CFF2320AE69E00021C795 /* Debug */,
				4B2CFF2420AE69E00021C795 /* Release */,
			);
			defaultConfigurationIsVisible = 0;
			defaultConfigurationName = Release;
		};
		4B4B5AB020AB16D9004ACA6C /* Build configuration list for PBXProject "TTSReader" */ = {
			isa = XCConfigurationList;
			buildConfigurations = (
				4B4B5AC820AB16DA004ACA6C /* Debug */,
				4B4B5AC920AB16DA004ACA6C /* Release */,
			);
			defaultConfigurationIsVisible = 0;
			defaultConfigurationName = Release;
		};
		4B4B5ACA20AB16DA004ACA6C /* Build configuration list for PBXNativeTarget "TTSReader" */ = {
			isa = XCConfigurationList;
			buildConfigurations = (
				4B4B5ACB20AB16DA004ACA6C /* Debug */,
				4B4B5ACC20AB16DA004ACA6C /* Release */,
			);
			defaultConfigurationIsVisible = 0;
			defaultConfigurationName = Release;
		};
/* End XCConfigurationList section */

/* Begin XCVersionGroup section */
		4B4B5ABF20AB16D9004ACA6C /* TTSReader.xcdatamodeld */ = {
			isa = XCVersionGroup;
			children = (
				4B4B5AC020AB16D9004ACA6C /* TTSReader.xcdatamodel */,
			);
			currentVersion = 4B4B5AC020AB16D9004ACA6C /* TTSReader.xcdatamodel */;
			path = TTSReader.xcdatamodeld;
			sourceTree = "<group>";
			versionGroupType = wrapper.xcdatamodel;
		};
/* End XCVersionGroup section */
	};
	rootObject = 4B4B5AAD20AB16D9004ACA6C /* Project object */;
}
